
Microsoft Visual Studio Solution File, Format Version 12.00
# Visual Studio 14
VisualStudioVersion = 14.0.25123.0
MinimumVisualStudioVersion = 10.0.40219.1
Project("{FAE04EC0-301F-11D3-BF4B-00C04F79EFBC}") = "DSImager.Core", "DSImager.Core\DSImager.Core.csproj", "{A61B4EF9-E3E9-47FC-BC44-C16B943E8F35}"
EndProject
Project("{FAE04EC0-301F-11D3-BF4B-00C04F79EFBC}") = "DSImager.ViewModels", "DSImager.ViewModels\DSImager.ViewModels.csproj", "{97DE0BD9-21C9-42D4-BE02-E652346B4016}"
EndProject
Project("{FAE04EC0-301F-11D3-BF4B-00C04F79EFBC}") = "DSImager.Tests", "DSImager.Tests\DSImager.Tests.csproj", "{9A9A534B-D5EB-48E5-9480-356C2CAE9A6A}"
EndProject
Project("{FAE04EC0-301F-11D3-BF4B-00C04F79EFBC}") = "DSImager.Application", "DSImager.Application\DSImager.Application.csproj", "{B7C38BEF-026C-4007-ACF0-ACBF8A0D7892}"
EndProject
Global
	GlobalSection(SolutionConfigurationPlatforms) = preSolution
		Debug|Any CPU = Debug|Any CPU
		Release|Any CPU = Release|Any CPU
	EndGlobalSection
	GlobalSection(ProjectConfigurationPlatforms) = postSolution
		{A61B4EF9-E3E9-47FC-BC44-C16B943E8F35}.Debug|Any CPU.ActiveCfg = Debug|Any CPU
		{A61B4EF9-E3E9-47FC-BC44-C16B943E8F35}.Debug|Any CPU.Build.0 = Debug|Any CPU
		{A61B4EF9-E3E9-47FC-BC44-C16B943E8F35}.Release|Any CPU.ActiveCfg = Release|Any CPU
		{A61B4EF9-E3E9-47FC-BC44-C16B943E8F35}.Release|Any CPU.Build.0 = Release|Any CPU
		{97DE0BD9-21C9-42D4-BE02-E652346B4016}.Debug|Any CPU.ActiveCfg = Debug|Any CPU
		{97DE0BD9-21C9-42D4-BE02-E652346B4016}.Debug|Any CPU.Build.0 = Debug|Any CPU
		{97DE0BD9-21C9-42D4-BE02-E652346B4016}.Release|Any CPU.ActiveCfg = Release|Any CPU
		{97DE0BD9-21C9-42D4-BE02-E652346B4016}.Release|Any CPU.Build.0 = Release|Any CPU
		{9A9A534B-D5EB-48E5-9480-356C2CAE9A6A}.Debug|Any CPU.ActiveCfg = Debug|Any CPU
		{9A9A534B-D5EB-48E5-9480-356C2CAE9A6A}.Debug|Any CPU.Build.0 = Debug|Any CPU
		{9A9A534B-D5EB-48E5-9480-356C2CAE9A6A}.Release|Any CPU.ActiveCfg = Release|Any CPU
		{9A9A534B-D5EB-48E5-9480-356C2CAE9A6A}.Release|Any CPU.Build.0 = Release|Any CPU
		{B7C38BEF-026C-4007-ACF0-ACBF8A0D7892}.Debug|Any CPU.ActiveCfg = Debug|Any CPU
		{B7C38BEF-026C-4007-ACF0-ACBF8A0D7892}.Debug|Any CPU.Build.0 = Debug|Any CPU
		{B7C38BEF-026C-4007-ACF0-ACBF8A0D7892}.Release|Any CPU.ActiveCfg = Release|Any CPU
		{B7C38BEF-026C-4007-ACF0-ACBF8A0D7892}.Release|Any CPU.Build.0 = Release|Any CPU
	EndGlobalSection
	GlobalSection(SolutionProperties) = preSolution
		HideSolutionNode = FALSE
	EndGlobalSection
EndGlobal
